{
  "version": 4,
  "terraform_version": "1.6.4",
  "serial": 6,
  "lineage": "a4b3923c-e4ec-7076-a7aa-08091f0eac67",
  "outputs": {},
  "resources": [
    {
      "module": "module.webapp",
      "mode": "managed",
      "type": "azurerm_app_service",
      "name": "webapp",
      "provider": "provider[\"registry.terraform.io/hashicorp/azurerm\"]",
      "instances": [
        {
          "schema_version": 0,
          "attributes": {
            "app_service_plan_id": "/subscriptions/09551a3e-fd9c-4de1-a790-4a68489dc449/resourceGroups/your-webapp-rg/providers/Microsoft.Web/serverFarms/your-webapp-plan",
            "app_settings": {
              "APPINSIGHTS_INSTRUMENTATIONKEY": "0e5f84fd-17f4-4e72-b3b8-86df3a8b9f0b"
            },
            "auth_settings": [
              {
                "active_directory": [],
                "additional_login_params": {},
                "allowed_external_redirect_urls": [],
                "default_provider": "",
                "enabled": false,
                "facebook": [],
                "google": [],
                "issuer": "",
                "microsoft": [],
                "runtime_version": "",
                "token_refresh_extension_hours": 0,
                "token_store_enabled": false,
                "twitter": [],
                "unauthenticated_client_action": ""
              }
            ],
            "backup": [],
            "client_affinity_enabled": false,
            "client_cert_enabled": false,
            "client_cert_mode": "Required",
            "connection_string": [],
            "custom_domain_verification_id": "3B85D430DF458A07CFF596D1E8F41CCB23BEC38A388C87143B7B153F523F8D9B",
            "default_site_hostname": "your-webapp.azurewebsites.net",
            "enabled": true,
            "https_only": false,
            "id": "/subscriptions/09551a3e-fd9c-4de1-a790-4a68489dc449/resourceGroups/your-webapp-rg/providers/Microsoft.Web/sites/your-webapp",
            "identity": [],
            "key_vault_reference_identity_id": "SystemAssigned",
            "location": "eastus",
            "logs": [
              {
                "application_logs": [
                  {
                    "azure_blob_storage": [],
                    "file_system_level": "Off"
                  }
                ],
                "detailed_error_messages_enabled": false,
                "failed_request_tracing_enabled": false,
                "http_logs": [
                  {
                    "azure_blob_storage": [],
                    "file_system": []
                  }
                ]
              }
            ],
            "name": "your-webapp",
            "outbound_ip_address_list": [
              "20.253.49.104",
              "20.253.49.239",
              "20.253.50.21",
              "20.253.50.215",
              "20.253.50.252",
              "20.253.51.41",
              "20.253.55.126",
              "20.253.55.154",
              "20.253.55.167",
              "20.88.183.100",
              "20.241.198.221",
              "20.253.55.215",
              "20.253.55.223",
              "4.157.56.243",
              "20.88.181.87",
              "4.157.57.82",
              "4.157.57.102",
              "4.157.57.141",
              "20.119.16.50"
            ],
            "outbound_ip_addresses": "20.253.49.104,20.253.49.239,20.253.50.21,20.253.50.215,20.253.50.252,20.253.51.41,20.253.55.126,20.253.55.154,20.253.55.167,20.88.183.100,20.241.198.221,20.253.55.215,20.253.55.223,4.157.56.243,20.88.181.87,4.157.57.82,4.157.57.102,4.157.57.141,20.119.16.50",
            "possible_outbound_ip_address_list": [
              "20.253.49.104",
              "20.253.49.239",
              "20.253.50.21",
              "20.253.50.215",
              "20.253.50.252",
              "20.253.51.41",
              "20.253.55.126",
              "20.253.55.154",
              "20.253.55.167",
              "20.88.183.100",
              "20.241.198.221",
              "20.253.55.215",
              "20.253.55.223",
              "4.157.56.243",
              "20.88.181.87",
              "4.157.57.82",
              "4.157.57.102",
              "4.157.57.141",
              "20.253.51.101",
              "20.253.51.199",
              "20.253.51.231",
              "20.253.51.235",
              "20.253.51.250",
              "20.253.51.253",
              "20.253.52.2",
              "20.253.52.16",
              "20.253.52.22",
              "20.253.52.26",
              "20.253.52.63",
              "20.253.52.94",
              "20.253.52.111",
              "20.253.52.221",
              "20.253.52.225",
              "20.253.52.227",
              "20.253.52.245",
              "20.253.53.21",
              "20.253.55.126",
              "20.253.55.154",
              "20.253.55.167",
              "20.88.183.100",
              "20.241.198.221",
              "20.253.55.215",
              "20.253.55.223",
              "4.157.56.243",
              "20.88.181.87",
              "4.157.57.82",
              "4.157.57.102",
              "4.157.57.141",
              "4.157.57.142",
              "4.157.57.164",
              "4.157.57.200",
              "4.157.57.205",
              "4.157.58.10",
              "4.157.58.22",
              "20.119.16.50"
            ],
            "possible_outbound_ip_addresses": "20.253.49.104,20.253.49.239,20.253.50.21,20.253.50.215,20.253.50.252,20.253.51.41,20.253.55.126,20.253.55.154,20.253.55.167,20.88.183.100,20.241.198.221,20.253.55.215,20.253.55.223,4.157.56.243,20.88.181.87,4.157.57.82,4.157.57.102,4.157.57.141,20.253.51.101,20.253.51.199,20.253.51.231,20.253.51.235,20.253.51.250,20.253.51.253,20.253.52.2,20.253.52.16,20.253.52.22,20.253.52.26,20.253.52.63,20.253.52.94,20.253.52.111,20.253.52.221,20.253.52.225,20.253.52.227,20.253.52.245,20.253.53.21,20.253.55.126,20.253.55.154,20.253.55.167,20.88.183.100,20.241.198.221,20.253.55.215,20.253.55.223,4.157.56.243,20.88.181.87,4.157.57.82,4.157.57.102,4.157.57.141,4.157.57.142,4.157.57.164,4.157.57.200,4.157.57.205,4.157.58.10,4.157.58.22,20.119.16.50",
            "resource_group_name": "your-webapp-rg",
            "site_config": [
              {
                "acr_use_managed_identity_credentials": false,
                "acr_user_managed_identity_client_id": "",
                "always_on": false,
                "app_command_line": "",
                "auto_swap_slot_name": "",
                "cors": [],
                "default_documents": [
                  "Default.htm",
                  "Default.html",
                  "Default.asp",
                  "index.htm",
                  "index.html",
                  "iisstart.htm",
                  "default.aspx",
                  "index.php",
                  "hostingstart.html"
                ],
                "dotnet_framework_version": "v4.0",
                "ftps_state": "FtpsOnly",
                "health_check_path": "",
                "http2_enabled": false,
                "ip_restriction": [],
                "java_container": "",
                "java_container_version": "",
                "java_version": "",
                "linux_fx_version": "",
                "local_mysql_enabled": false,
                "managed_pipeline_mode": "Integrated",
                "min_tls_version": "1.2",
                "number_of_workers": 1,
                "php_version": "5.6",
                "python_version": "",
                "remote_debugging_enabled": false,
                "remote_debugging_version": "",
                "scm_ip_restriction": [],
                "scm_type": "None",
                "scm_use_main_ip_restriction": false,
                "use_32_bit_worker_process": true,
                "vnet_route_all_enabled": false,
                "websockets_enabled": false,
                "windows_fx_version": ""
              }
            ],
            "site_credential": [
              {
                "password": "AQLbGBlkOKH7Rby5H947O0RMAySAsgE.jRtr232a1TbDPMuxu0RexrltgL7d07bHgRFlxhxQD2c",
                "username": "$your-webapp"
              }
            ],
            "source_control": [
              {
                "branch": "main",
                "manual_integration": false,
                "repo_url": "",
                "rollback_enabled": false,
                "use_mercurial": false
              }
            ],
            "storage_account": [],
            "tags": null,
            "timeouts": null
          },
          "sensitive_attributes": [
            [
              {
                "type": "get_attr",
                "value": "app_settings"
              },
              {
                "type": "index",
                "value": {
                  "value": "APPINSIGHTS_INSTRUMENTATIONKEY",
                  "type": "string"
                }
              }
            ]
          ],
          "private": "eyJlMmJmYjczMC1lY2FhLTExZTYtOGY4OC0zNDM2M2JjN2M0YzAiOnsiY3JlYXRlIjoxODAwMDAwMDAwMDAwLCJkZWxldGUiOjE4MDAwMDAwMDAwMDAsInJlYWQiOjMwMDAwMDAwMDAwMCwidXBkYXRlIjoxODAwMDAwMDAwMDAwfX0=",
          "dependencies": [
            "module.webapp_insights.azurerm_application_insights.webapp_insights",
            "module.webapp_plan.azurerm_app_service_plan.webapp_plan",
            "module.webapp_rg.azurerm_resource_group.webapp_rg"
          ]
        }
      ]
    },
    {
      "module": "module.webapp_insights",
      "mode": "managed",
      "type": "azurerm_application_insights",
      "name": "webapp_insights",
      "provider": "provider[\"registry.terraform.io/hashicorp/azurerm\"]",
      "instances": [
        {
          "schema_version": 1,
          "attributes": {
            "app_id": "09eb5649-6b26-4012-ab1c-c1e57d330f7f",
            "application_type": "web",
            "connection_string": "InstrumentationKey=0e5f84fd-17f4-4e72-b3b8-86df3a8b9f0b;IngestionEndpoint=https://eastus-0.in.applicationinsights.azure.com/;LiveEndpoint=https://eastus.livediagnostics.monitor.azure.com/",
            "daily_data_cap_in_gb": 100,
            "daily_data_cap_notifications_disabled": false,
            "disable_ip_masking": false,
            "force_customer_storage_for_profiler": false,
            "id": "/subscriptions/09551a3e-fd9c-4de1-a790-4a68489dc449/resourceGroups/your-webapp-rg/providers/Microsoft.Insights/components/your-webapp-insights",
            "instrumentation_key": "0e5f84fd-17f4-4e72-b3b8-86df3a8b9f0b",
            "internet_ingestion_enabled": true,
            "internet_query_enabled": true,
            "local_authentication_disabled": false,
            "location": "eastus",
            "name": "your-webapp-insights",
            "resource_group_name": "your-webapp-rg",
            "retention_in_days": 30,
            "sampling_percentage": 100,
            "tags": null,
            "timeouts": null,
            "workspace_id": ""
          },
          "sensitive_attributes": [],
          "private": "eyJlMmJmYjczMC1lY2FhLTExZTYtOGY4OC0zNDM2M2JjN2M0YzAiOnsiY3JlYXRlIjozNjAwMDAwMDAwMDAwLCJkZWxldGUiOjE4MDAwMDAwMDAwMDAsInJlYWQiOjMwMDAwMDAwMDAwMCwidXBkYXRlIjoxODAwMDAwMDAwMDAwfSwic2NoZW1hX3ZlcnNpb24iOiIxIn0=",
          "dependencies": [
            "module.webapp_rg.azurerm_resource_group.webapp_rg"
          ]
        }
      ]
    },
    {
      "module": "module.webapp_plan",
      "mode": "managed",
      "type": "azurerm_app_service_plan",
      "name": "webapp_plan",
      "provider": "provider[\"registry.terraform.io/hashicorp/azurerm\"]",
      "instances": [
        {
          "schema_version": 1,
          "attributes": {
            "app_service_environment_id": "",
            "id": "/subscriptions/09551a3e-fd9c-4de1-a790-4a68489dc449/resourceGroups/your-webapp-rg/providers/Microsoft.Web/serverFarms/your-webapp-plan",
            "is_xenon": false,
            "kind": "Windows",
            "location": "eastus",
            "maximum_elastic_worker_count": 1,
            "maximum_number_of_workers": 3,
            "name": "your-webapp-plan",
            "per_site_scaling": false,
            "reserved": false,
            "resource_group_name": "your-webapp-rg",
            "sku": [
              {
                "capacity": 1,
                "size": "B1",
                "tier": "Basic"
              }
            ],
            "tags": null,
            "timeouts": null,
            "zone_redundant": false
          },
          "sensitive_attributes": [],
          "private": "eyJlMmJmYjczMC1lY2FhLTExZTYtOGY4OC0zNDM2M2JjN2M0YzAiOnsiY3JlYXRlIjozNjAwMDAwMDAwMDAwLCJkZWxldGUiOjM2MDAwMDAwMDAwMDAsInJlYWQiOjMwMDAwMDAwMDAwMCwidXBkYXRlIjozNjAwMDAwMDAwMDAwfSwic2NoZW1hX3ZlcnNpb24iOiIxIn0=",
          "dependencies": [
            "module.webapp_rg.azurerm_resource_group.webapp_rg"
          ]
        }
      ]
    },
    {
      "module": "module.webapp_rg",
      "mode": "managed",
      "type": "azurerm_resource_group",
      "name": "webapp_rg",
      "provider": "provider[\"registry.terraform.io/hashicorp/azurerm\"]",
      "instances": [
        {
          "schema_version": 0,
          "attributes": {
            "id": "/subscriptions/09551a3e-fd9c-4de1-a790-4a68489dc449/resourceGroups/your-webapp-rg",
            "location": "eastus",
            "managed_by": "",
            "name": "your-webapp-rg",
            "tags": null,
            "timeouts": null
          },
          "sensitive_attributes": [],
          "private": "eyJlMmJmYjczMC1lY2FhLTExZTYtOGY4OC0zNDM2M2JjN2M0YzAiOnsiY3JlYXRlIjo1NDAwMDAwMDAwMDAwLCJkZWxldGUiOjU0MDAwMDAwMDAwMDAsInJlYWQiOjMwMDAwMDAwMDAwMCwidXBkYXRlIjo1NDAwMDAwMDAwMDAwfX0="
        }
      ]
    }
  ],
  "check_results": null
}
